// !$*UTF8*$!
{
	archiveVersion = 1;
	classes = {
	};
	objectVersion = 50;
	objects = {

/* Begin PBXBuildFile section */
		8C8271E721808A2600FE725C /* AppDelegate.swift in Sources */ = {isa = PBXBuildFile; fileRef = 8C8271E621808A2600FE725C /* AppDelegate.swift */; };
		8C8271E921808A2600FE725C /* ViewController.swift in Sources */ = {isa = PBXBuildFile; fileRef = 8C8271E821808A2600FE725C /* ViewController.swift */; };
		8C8271EC21808A2600FE725C /* Main.storyboard in Resources */ = {isa = PBXBuildFile; fileRef = 8C8271EA21808A2600FE725C /* Main.storyboard */; };
		8C8271EE21808A2700FE725C /* Assets.xcassets in Resources */ = {isa = PBXBuildFile; fileRef = 8C8271ED21808A2700FE725C /* Assets.xcassets */; };
		8C8271F121808A2700FE725C /* LaunchScreen.storyboard in Resources */ = {isa = PBXBuildFile; fileRef = 8C8271EF21808A2700FE725C /* LaunchScreen.storyboard */; };
		8C8271FC21808A2700FE725C /* CISwiftTests.swift in Sources */ = {isa = PBXBuildFile; fileRef = 8C8271FB21808A2700FE725C /* CISwiftTests.swift */; };
/* End PBXBuildFile section */

/* Begin PBXContainerItemProxy section */
		8C8271F821808A2700FE725C /* PBXContainerItemProxy */ = {
			isa = PBXContainerItemProxy;
			containerPortal = 8C8271DB21808A2600FE725C /* Project object */;
			proxyType = 1;
			remoteGlobalIDString = 8C8271E221808A2600FE725C;
			remoteInfo = CISwift;
		};
/* End PBXContainerItemProxy section */

/* Begin PBXFileReference section */
		8C8271E321808A2600FE725C /* CISwift.app */ = {isa = PBXFileReference; explicitFileType = wrapper.application; includeInIndex = 0; path = CISwift.app; sourceTree = BUILT_PRODUCTS_DIR; };
		8C8271E621808A2600FE725C /* AppDelegate.swift */ = {isa = PBXFileReference; lastKnownFileType = sourcecode.swift; path = AppDelegate.swift; sourceTree = "<group>"; };
		8C8271E821808A2600FE725C /* ViewController.swift */ = {isa = PBXFileReference; lastKnownFileType = sourcecode.swift; path = ViewController.swift; sourceTree = "<group>"; };
		8C8271EB21808A2600FE725C /* Base */ = {isa = PBXFileReference; lastKnownFileType = file.storyboard; name = Base; path = Base.lproj/Main.storyboard; sourceTree = "<group>"; };
		8C8271ED21808A2700FE725C /* Assets.xcassets */ = {isa = PBXFileReference; lastKnownFileType = folder.assetcatalog; path = Assets.xcassets; sourceTree = "<group>"; };
		8C8271F021808A2700FE725C /* Base */ = {isa = PBXFileReference; lastKnownFileType = file.storyboard; name = Base; path = Base.lproj/LaunchScreen.storyboard; sourceTree = "<group>"; };
		8C8271F221808A2700FE725C /* Info.plist */ = {isa = PBXFileReference; lastKnownFileType = text.plist.xml; path = Info.plist; sourceTree = "<group>"; };
		8C8271F721808A2700FE725C /* CISwiftTests.xctest */ = {isa = PBXFileReference; explicitFileType = wrapper.cfbundle; includeInIndex = 0; path = CISwiftTests.xctest; sourceTree = BUILT_PRODUCTS_DIR; };
		8C8271FB21808A2700FE725C /* CISwiftTests.swift */ = {isa = PBXFileReference; lastKnownFileType = sourcecode.swift; path = CISwiftTests.swift; sourceTree = "<group>"; };
		8C8271FD21808A2700FE725C /* Info.plist */ = {isa = PBXFileReference; lastKnownFileType = text.plist.xml; path = Info.plist; sourceTree = "<group>"; };
/* End PBXFileReference section */

/* Begin PBXFrameworksBuildPhase section */
		8C8271E021808A2600FE725C /* Frameworks */ = {
			isa = PBXFrameworksBuildPhase;
			buildActionMask = 2147483647;
			files = (
			);
			runOnlyForDeploymentPostprocessing = 0;
		};
		8C8271F421808A2700FE725C /* Frameworks */ = {
			isa = PBXFrameworksBuildPhase;
			buildActionMask = 2147483647;
			files = (
			);
			runOnlyForDeploymentPostprocessing = 0;
		};
/* End PBXFrameworksBuildPhase section */

/* Begin PBXGroup section */
		8C8271DA21808A2600FE725C = {
			isa = PBXGroup;
			children = (
				8C8271E521808A2600FE725C /* CISwift */,
				8C8271FA21808A2700FE725C /* CISwiftTests */,
				8C8271E421808A2600FE725C /* Products */,
			);
			sourceTree = "<group>";
		};
		8C8271E421808A2600FE725C /* Products */ = {
			isa = PBXGroup;
			children = (
				8C8271E321808A2600FE725C /* CISwift.app */,
				8C8271F721808A2700FE725C /* CISwiftTests.xctest */,
			);
			name = Products;
			sourceTree = "<group>";
		};
		8C8271E521808A2600FE725C /* CISwift */ = {
			isa = PBXGroup;
			children = (
				8C8271E621808A2600FE725C /* AppDelegate.swift */,
				8C8271E821808A2600FE725C /* ViewController.swift */,
				8C8271EA21808A2600FE725C /* Main.storyboard */,
				8C8271ED21808A2700FE725C /* Assets.xcassets */,
				8C8271EF21808A2700FE725C /* LaunchScreen.storyboard */,
				8C8271F221808A2700FE725C /* Info.plist */,
			);
			path = CISwift;
			sourceTree = "<group>";
		};
		8C8271FA21808A2700FE725C /* CISwiftTests */ = {
			isa = PBXGroup;
			children = (
				8C8271FB21808A2700FE725C /* CISwiftTests.swift */,
				8C8271FD21808A2700FE725C /* Info.plist */,
			);
			path = CISwiftTests;
			sourceTree = "<group>";
		};
/* End PBXGroup section */

/* Begin PBXNativeTarget section */
		8C8271E221808A2600FE725C /* CISwift */ = {
			isa = PBXNativeTarget;
			buildConfigurationList = 8C82720021808A2700FE725C /* Build configuration list for PBXNativeTarget "CISwift" */;
			buildPhases = (
				8C8271DF21808A2600FE725C /* Sources */,
				8C8271E021808A2600FE725C /* Frameworks */,
				8C8271E121808A2600FE725C /* Resources */,
			);
			buildRules = (
			);
			dependencies = (
			);
			name = CISwift;
			productName = CISwift;
			productReference = 8C8271E321808A2600FE725C /* CISwift.app */;
			productType = "com.apple.product-type.application";
		};
		8C8271F621808A2700FE725C /* CISwiftTests */ = {
			isa = PBXNativeTarget;
			buildConfigurationList = 8C82720321808A2700FE725C /* Build configuration list for PBXNativeTarget "CISwiftTests" */;
			buildPhases = (
				8C8271F321808A2700FE725C /* Sources */,
				8C8271F421808A2700FE725C /* Frameworks */,
				8C8271F521808A2700FE725C /* Resources */,
			);
			buildRules = (
			);
			dependencies = (
				8C8271F921808A2700FE725C /* PBXTargetDependency */,
			);
			name = CISwiftTests;
			productName = CISwiftTests;
			productReference = 8C8271F721808A2700FE725C /* CISwiftTests.xctest */;
			productType = "com.apple.product-type.bundle.unit-test";
		};
/* End PBXNativeTarget section */

/* Begin PBXProject section */
		8C8271DB21808A2600FE725C /* Project object */ = {
			isa = PBXProject;
			attributes = {
				LastSwiftUpdateCheck = 0940;
				LastUpgradeCheck = 0940;
				ORGANIZATIONNAME = "Thinh Vo";
				TargetAttributes = {
					8C8271E221808A2600FE725C = {
						CreatedOnToolsVersion = 9.4.1;
					};
					8C8271F621808A2700FE725C = {
						CreatedOnToolsVersion = 9.4.1;
						TestTargetID = 8C8271E221808A2600FE725C;
					};
				};
			};
			buildConfigurationList = 8C8271DE21808A2600FE725C /* Build configuration list for PBXProject "CISwift" */;
			compatibilityVersion = "Xcode 9.3";
			developmentRegion = en;
			hasScannedForEncodings = 0;
			knownRegions = (
				en,
				Base,
			);
			mainGroup = 8C8271DA21808A2600FE725C;
			productRefGroup = 8C8271E421808A2600FE725C /* Products */;
			projectDirPath = "";
			projectRoot = "";
			targets = (
				8C8271E221808A2600FE725C /* CISwift */,
				8C8271F621808A2700FE725C /* CISwiftTests */,
			);
		};
/* End PBXProject section */

/* Begin PBXResourcesBuildPhase section */
		8C8271E121808A2600FE725C /* Resources */ = {
			isa = PBXResourcesBuildPhase;
			buildActionMask = 2147483647;
			files = (
				8C8271F121808A2700FE725C /* LaunchScreen.storyboard in Resources */,
				8C8271EE21808A2700FE725C /* Assets.xcassets in Resources */,
				8C8271EC21808A2600FE725C /* Main.storyboard in Resources */,
			);
			runOnlyForDeploymentPostprocessing = 0;
		};
		8C8271F521808A2700FE725C /* Resources */ = {
			isa = PBXResourcesBuildPhase;
			buildActionMask = 2147483647;
			files = (
			);
			runOnlyForDeploymentPostprocessing = 0;
		};
/* End PBXResourcesBuildPhase section */

/* Begin PBXSourcesBuildPhase section */
		8C8271DF21808A2600FE725C /* Sources */ = {
			isa = PBXSourcesBuildPhase;
			buildActionMask = 2147483647;
			files = (
				8C8271E921808A2600FE725C /* ViewController.swift in Sources */,
				8C8271E721808A2600FE725C /* AppDelegate.swift in Sources */,
			);
			runOnlyForDeploymentPostprocessing = 0;
		};
		8C8271F321808A2700FE725C /* Sources */ = {
			isa = PBXSourcesBuildPhase;
			buildActionMask = 2147483647;
			files = (
				8C8271FC21808A2700FE725C /* CISwiftTests.swift in Sources */,
			);
			runOnlyForDeploymentPostprocessing = 0;
		};
/* End PBXSourcesBuildPhase section */

/* Begin PBXTargetDependency section */
		8C8271F921808A2700FE725C /* PBXTargetDependency */ = {
			isa = PBXTargetDependency;
			target = 8C8271E221808A2600FE725C /* CISwift */;
			targetProxy = 8C8271F821808A2700FE725C /* PBXContainerItemProxy */;
		};
/* End PBXTargetDependency section */

/* Begin PBXVariantGroup section */
		8C8271EA21808A2600FE725C /* Main.storyboard */ = {
			isa = PBXVariantGroup;
			children = (
				8C8271EB21808A2600FE725C /* Base */,
			);
			name = Main.storyboard;
			sourceTree = "<group>";
		};
		8C8271EF21808A2700FE725C /* LaunchScreen.storyboard */ = {
			isa = PBXVariantGroup;
			children = (
				8C8271F021808A2700FE725C /* Base */,
			);
			name = LaunchScreen.storyboard;
			sourceTree = "<group>";
		};
/* End PBXVariantGroup section */

/* Begin XCBuildConfiguration section */
		8C8271FE21808A2700FE725C /* Debug */ = {
			isa = XCBuildConfiguration;
			buildSettings = {
				ALWAYS_SEARCH_USER_PATHS = NO;
				CLANG_ANALYZER_NONNULL = YES;
				CLANG_ANALYZER_NUMBER_OBJECT_CONVERSION = YES_AGGRESSIVE;
				CLANG_CXX_LANGUAGE_STANDARD = "gnu++14";
				CLANG_CXX_LIBRARY = "libc++";
				CLANG_ENABLE_MODULES = YES;
				CLANG_ENABLE_OBJC_ARC = YES;
				CLANG_ENABLE_OBJC_WEAK = YES;
				CLANG_WARN_BLOCK_CAPTURE_AUTORELEASING = YES;
				CLANG_WARN_BOOL_CONVERSION = YES;
				CLANG_WARN_COMMA = YES;
				CLANG_WARN_CONSTANT_CONVERSION = YES;
				CLANG_WARN_DEPRECATED_OBJC_IMPLEMENTATIONS = YES;
				CLANG_WARN_DIRECT_OBJC_ISA_USAGE = YES_ERROR;
				CLANG_WARN_DOCUMENTATION_COMMENTS = YES;
				CLANG_WARN_EMPTY_BODY = YES;
				CLANG_WARN_ENUM_CONVERSION = YES;
				CLANG_WARN_INFINITE_RECURSION = YES;
				CLANG_WARN_INT_CONVERSION = YES;
				CLANG_WARN_NON_LITERAL_NULL_CONVERSION = YES;
				CLANG_WARN_OBJC_IMPLICIT_RETAIN_SELF = YES;
				CLANG_WARN_OBJC_LITERAL_CONVERSION = YES;
				CLANG_WARN_OBJC_ROOT_CLASS = YES_ERROR;
				CLANG_WARN_RANGE_LOOP_ANALYSIS = YES;
				CLANG_WARN_STRICT_PROTOTYPES = YES;
				CLANG_WARN_SUSPICIOUS_MOVE = YES;
				CLANG_WARN_UNGUARDED_AVAILABILITY = YES_AGGRESSIVE;
				CLANG_WARN_UNREACHABLE_CODE = YES;
				CLANG_WARN__DUPLICATE_METHOD_MATCH = YES;
				CODE_SIGN_IDENTITY = "iPhone Developer";
				COPY_PHASE_STRIP = NO;
				DEBUG_INFORMATION_FORMAT = dwarf;
				ENABLE_STRICT_OBJC_MSGSEND = YES;
				ENABLE_TESTABILITY = YES;
				GCC_C_LANGUAGE_STANDARD = gnu11;
				GCC_DYNAMIC_NO_PIC = NO;
				GCC_NO_COMMON_BLOCKS = YES;
				GCC_OPTIMIZATION_LEVEL = 0;
				GCC_PREPROCESSOR_DEFINITIONS = (
					"DEBUG=1",
					"$(inherited)",
				);
				GCC_WARN_64_TO_32_BIT_CONVERSION = YES;
				GCC_WARN_ABOUT_RETURN_TYPE = YES_ERROR;
				GCC_WARN_UNDECLARED_SELECTOR = YES;
				GCC_WARN_UNINITIALIZED_AUTOS = YES_AGGRESSIVE;
				GCC_WARN_UNUSED_FUNCTION = YES;
				GCC_WARN_UNUSED_VARIABLE = YES;
				IPHONEOS_DEPLOYMENT_TARGET = 11.4;
				MTL_ENABLE_DEBUG_INFO = YES;
				ONLY_ACTIVE_ARCH = YES;
				SDKROOT = iphoneos;
				SWIFT_ACTIVE_COMPILATION_CONDITIONS = DEBUG;
				SWIFT_OPTIMIZATION_LEVEL = "-Onone";
			};
			name = Debug;
		};
		8C8271FF21808A2700FE725C /* Release */ = {
			isa = XCBuildConfiguration;
			buildSettings = {
				ALWAYS_SEARCH_USER_PATHS = NO;
				CLANG_ANALYZER_NONNULL = YES;
				CLANG_ANALYZER_NUMBER_OBJECT_CONVERSION = YES_AGGRESSIVE;
				CLANG_CXX_LANGUAGE_STANDARD = "gnu++14";
				CLANG_CXX_LIBRARY = "libc++";
				CLANG_ENABLE_MODULES = YES;
				CLANG_ENABLE_OBJC_ARC = YES;
				CLANG_ENABLE_OBJC_WEAK = YES;
				CLANG_WARN_BLOCK_CAPTURE_AUTORELEASING = YES;
				CLANG_WARN_BOOL_CONVERSION = YES;
				CLANG_WARN_COMMA = YES;
				CLANG_WARN_CONSTANT_CONVERSION = YES;
				CLANG_WARN_DEPRECATED_OBJC_IMPLEMENTATIONS = YES;
				CLANG_WARN_DIRECT_OBJC_ISA_USAGE = YES_ERROR;
				CLANG_WARN_DOCUMENTATION_COMMENTS = YES;
				CLANG_WARN_EMPTY_BODY = YES;
				CLANG_WARN_ENUM_CONVERSION = YES;
				CLANG_WARN_INFINITE_RECURSION = YES;
				CLANG_WARN_INT_CONVERSION = YES;
				CLANG_WARN_NON_LITERAL_NULL_CONVERSION = YES;
				CLANG_WARN_OBJC_IMPLICIT_RETAIN_SELF = YES;
				CLANG_WARN_OBJC_LITERAL_CONVERSION = YES;
				CLANG_WARN_OBJC_ROOT_CLASS = YES_ERROR;
				CLANG_WARN_RANGE_LOOP_ANALYSIS = YES;
				CLANG_WARN_STRICT_PROTOTYPES = YES;
				CLANG_WARN_SUSPICIOUS_MOVE = YES;
				CLANG_WARN_UNGUARDED_AVAILABILITY = YES_AGGRESSIVE;
				CLANG_WARN_UNREACHABLE_CODE = YES;
				CLANG_WARN__DUPLICATE_METHOD_MATCH = YES;
				CODE_SIGN_IDENTITY = "iPhone Developer";
				COPY_PHASE_STRIP = NO;
				DEBUG_INFORMATION_FORMAT = "dwarf-with-dsym";
				ENABLE_NS_ASSERTIONS = NO;
				ENABLE_STRICT_OBJC_MSGSEND = YES;
				GCC_C_LANGUAGE_STANDARD = gnu11;
				GCC_NO_COMMON_BLOCKS = YES;
				GCC_WARN_64_TO_32_BIT_CONVERSION = YES;
				GCC_WARN_ABOUT_RETURN_TYPE = YES_ERROR;
				GCC_WARN_UNDECLARED_SELECTOR = YES;
				GCC_WARN_UNINITIALIZED_AUTOS = YES_AGGRESSIVE;
				GCC_WARN_UNUSED_FUNCTION = YES;
				GCC_WARN_UNUSED_VARIABLE = YES;
				IPHONEOS_DEPLOYMENT_TARGET = 11.4;
				MTL_ENABLE_DEBUG_INFO = NO;
				SDKROOT = iphoneos;
				SWIFT_COMPILATION_MODE = wholemodule;
				SWIFT_OPTIMIZATION_LEVEL = "-O";
				VALIDATE_PRODUCT = YES;
			};
			name = Release;
		};
		8C82720121808A2700FE725C /* Debug */ = {
			isa = XCBuildConfiguration;
			buildSettings = {
				ASSETCATALOG_COMPILER_APPICON_NAME = AppIcon;
				CODE_SIGN_STYLE = Automatic;
				DEVELOPMENT_TEAM = 8GG6MPK9MH;
				INFOPLIST_FILE = CISwift/Info.plist;
				LD_RUNPATH_SEARCH_PATHS = (
					"$(inherited)",
					"@executable_path/Frameworks",
				);
				PRODUCT_BUNDLE_IDENTIFIER = com.thinhvo.CISwift;
				PRODUCT_NAME = "$(TARGET_NAME)";
				SWIFT_VERSION = 4.0;
				TARGETED_DEVICE_FAMILY = "1,2";
			};
			name = Debug;
		};
		8C82720221808A2700FE725C /* Release */ = {
			isa = XCBuildConfiguration;
			buildSettings = {
				ASSETCATALOG_COMPILER_APPICON_NAME = AppIcon;
				CODE_SIGN_STYLE = Automatic;
				DEVELOPMENT_TEAM = 8GG6MPK9MH;
				INFOPLIST_FILE = CISwift/Info.plist;
				LD_RUNPATH_SEARCH_PATHS = (
					"$(inherited)",
					"@executable_path/Frameworks",
				);
				PRODUCT_BUNDLE_IDENTIFIER = com.thinhvo.CISwift;
				PRODUCT_NAME = "$(TARGET_NAME)";
				SWIFT_VERSION = 4.0;
				TARGETED_DEVICE_FAMILY = "1,2";
			};
			name = Release;
		};
		8C82720421808A2700FE725C /* Debug */ = {
			isa = XCBuildConfiguration;
			buildSettings = {
				ALWAYS_EMBED_SWIFT_STANDARD_LIBRARIES = YES;
				BUNDLE_LOADER = "$(TEST_HOST)";
				CODE_SIGN_STYLE = Automatic;
				DEVELOPMENT_TEAM = 8GG6MPK9MH;
				INFOPLIST_FILE = CISwiftTests/Info.plist;
				LD_RUNPATH_SEARCH_PATHS = (
					"$(inherited)",
					"@executable_path/Frameworks",
					"@loader_path/Frameworks",
				);
				PRODUCT_BUNDLE_IDENTIFIER = com.thinhvo.CISwiftTests;
				PRODUCT_NAME = "$(TARGET_NAME)";
				SWIFT_VERSION = 4.0;
				TARGETED_DEVICE_FAMILY = "1,2";
				TEST_HOST = "$(BUILT_PRODUCTS_DIR)/CISwift.app/CISwift";
			};
			name = Debug;
		};
		8C82720521808A2700FE725C /* Release */ = {
			isa = XCBuildConfiguration;
			buildSettings = {
				ALWAYS_EMBED_SWIFT_STANDARD_LIBRARIES = YES;
				BUNDLE_LOADER = "$(TEST_HOST)";
				CODE_SIGN_STYLE = Automatic;
				DEVELOPMENT_TEAM = 8GG6MPK9MH;
				INFOPLIST_FILE = CISwiftTests/Info.plist;
				LD_RUNPATH_SEARCH_PATHS = (
					"$(inherited)",
					"@executable_path/Frameworks",
					"@loader_path/Frameworks",
				);
				PRODUCT_BUNDLE_IDENTIFIER = com.thinhvo.CISwiftTests;
				PRODUCT_NAME = "$(TARGET_NAME)";
				SWIFT_VERSION = 4.0;
				TARGETED_DEVICE_FAMILY = "1,2";
				TEST_HOST = "$(BUILT_PRODUCTS_DIR)/CISwift.app/CISwift";
			};
			name = Release;
		};
/* End XCBuildConfiguration section */

/* Begin XCConfigurationList section */
		8C8271DE21808A2600FE725C /* Build configuration list for PBXProject "CISwift" */ = {
			isa = XCConfigurationList;
			buildConfigurations = (
				8C8271FE21808A2700FE725C /* Debug */,
				8C8271FF21808A2700FE725C /* Release */,
			);
			defaultConfigurationIsVisible = 0;
			defaultConfigurationName = Release;
		};
		8C82720021808A2700FE725C /* Build configuration list for PBXNativeTarget "CISwift" */ = {
			isa = XCConfigurationList;
			buildConfigurations = (
				8C82720121808A2700FE725C /* Debug */,
				8C82720221808A2700FE725C /* Release */,
			);
			defaultConfigurationIsVisible = 0;
			defaultConfigurationName = Release;
		};
		8C82720321808A2700FE725C /* Build configuration list for PBXNativeTarget "CISwiftTests" */ = {
			isa = XCConfigurationList;
			buildConfigurations = (
				8C82720421808A2700FE725C /* Debug */,
				8C82720521808A2700FE725C /* Release */,
			);
			defaultConfigurationIsVisible = 0;
			defaultConfigurationName = Release;
		};
/* End XCConfigurationList section */
	};
	rootObject = 8C8271DB21808A2600FE725C /* Project object */;
}
